
Microsoft Visual Studio Solution File, Format Version 12.00
# Visual Studio Version 16
VisualStudioVersion = 16.0.30413.136
MinimumVisualStudioVersion = 10.0.40219.1
Project("{2150E333-8FDC-42A3-9474-1A3956D46DE8}") = "src", "src", "{A5B7EF20-38C1-440F-8B48-ACBA8E370F84}"
EndProject
Project("{2150E333-8FDC-42A3-9474-1A3956D46DE8}") = "Catalog", "Catalog", "{755CDE7B-7033-4D20-B945-C23040CA17BF}"
EndProject
Project("{9A19103F-16F7-4668-BE54-9A1E7A4F7556}") = "Catalog.API", "src\Catalog\Catalog.API\Catalog.API.csproj", "{A1B1576C-6A96-48AC-8E0B-718A4918341D}"
EndProject
Project("{E53339B2-1760-4266-BCC7-CA923CBCF16C}") = "docker-compose", "docker-compose.dcproj", "{1218D1AF-63FA-4102-953E-D3823DB081EF}"
EndProject
Project("{2150E333-8FDC-42A3-9474-1A3956D46DE8}") = "Basket", "Basket", "{5A3958EA-8354-426C-8572-522654D8B897}"
EndProject
Project("{9A19103F-16F7-4668-BE54-9A1E7A4F7556}") = "Basket.API", "src\Basket\Basket.API\Basket.API.csproj", "{A5555606-380D-4D21-9AC0-B3011B222BBD}"
EndProject
Project("{2150E333-8FDC-42A3-9474-1A3956D46DE8}") = "Common", "Common", "{37808239-B87A-4D09-984F-295EF32698C0}"
EndProject
Project("{9A19103F-16F7-4668-BE54-9A1E7A4F7556}") = "EventBusRabbitMQ", "src\Common\EventBusRabbitMQ\EventBusRabbitMQ.csproj", "{9B273C66-034B-4C32-ADCF-224AEF732649}"
EndProject
Project("{2150E333-8FDC-42A3-9474-1A3956D46DE8}") = "ordering", "ordering", "{11A22425-E2E3-4C2B-98F1-686DC12CB80D}"
EndProject
Project("{9A19103F-16F7-4668-BE54-9A1E7A4F7556}") = "Ordering.API", "src\ordering\Ordering.API\Ordering.API.csproj", "{AF967D87-C846-420C-A8CD-6EB7E62753A2}"
EndProject
Project("{FAE04EC0-301F-11D3-BF4B-00C04F79EFBC}") = "Ordering.Core", "src\ordering\Ordering.Core\Ordering.Core.csproj", "{664613C0-4469-4F29-B6B1-F7772D14B960}"
EndProject
Project("{FAE04EC0-301F-11D3-BF4B-00C04F79EFBC}") = "Ordering.Infrastructure", "src\ordering\Ordering.Infrastructure\Ordering.Infrastructure.csproj", "{0F9EB185-CE09-4C67-8E5E-D3C87CEB228F}"
EndProject
Project("{FAE04EC0-301F-11D3-BF4B-00C04F79EFBC}") = "Ordering.Application", "src\ordering\Ordering.Application\Ordering.Application.csproj", "{DE49A505-133D-4E1A-9469-D6639D123FE2}"
EndProject
Global
	GlobalSection(SolutionConfigurationPlatforms) = preSolution
		Debug|Any CPU = Debug|Any CPU
		Release|Any CPU = Release|Any CPU
	EndGlobalSection
	GlobalSection(ProjectConfigurationPlatforms) = postSolution
		{A1B1576C-6A96-48AC-8E0B-718A4918341D}.Debug|Any CPU.ActiveCfg = Debug|Any CPU
		{A1B1576C-6A96-48AC-8E0B-718A4918341D}.Debug|Any CPU.Build.0 = Debug|Any CPU
		{A1B1576C-6A96-48AC-8E0B-718A4918341D}.Release|Any CPU.ActiveCfg = Release|Any CPU
		{A1B1576C-6A96-48AC-8E0B-718A4918341D}.Release|Any CPU.Build.0 = Release|Any CPU
		{1218D1AF-63FA-4102-953E-D3823DB081EF}.Debug|Any CPU.ActiveCfg = Debug|Any CPU
		{1218D1AF-63FA-4102-953E-D3823DB081EF}.Debug|Any CPU.Build.0 = Debug|Any CPU
		{1218D1AF-63FA-4102-953E-D3823DB081EF}.Release|Any CPU.ActiveCfg = Release|Any CPU
		{1218D1AF-63FA-4102-953E-D3823DB081EF}.Release|Any CPU.Build.0 = Release|Any CPU
		{A5555606-380D-4D21-9AC0-B3011B222BBD}.Debug|Any CPU.ActiveCfg = Debug|Any CPU
		{A5555606-380D-4D21-9AC0-B3011B222BBD}.Debug|Any CPU.Build.0 = Debug|Any CPU
		{A5555606-380D-4D21-9AC0-B3011B222BBD}.Release|Any CPU.ActiveCfg = Release|Any CPU
		{A5555606-380D-4D21-9AC0-B3011B222BBD}.Release|Any CPU.Build.0 = Release|Any CPU
		{9B273C66-034B-4C32-ADCF-224AEF732649}.Debug|Any CPU.ActiveCfg = Debug|Any CPU
		{9B273C66-034B-4C32-ADCF-224AEF732649}.Debug|Any CPU.Build.0 = Debug|Any CPU
		{9B273C66-034B-4C32-ADCF-224AEF732649}.Release|Any CPU.ActiveCfg = Release|Any CPU
		{9B273C66-034B-4C32-ADCF-224AEF732649}.Release|Any CPU.Build.0 = Release|Any CPU
		{AF967D87-C846-420C-A8CD-6EB7E62753A2}.Debug|Any CPU.ActiveCfg = Debug|Any CPU
		{AF967D87-C846-420C-A8CD-6EB7E62753A2}.Debug|Any CPU.Build.0 = Debug|Any CPU
		{AF967D87-C846-420C-A8CD-6EB7E62753A2}.Release|Any CPU.ActiveCfg = Release|Any CPU
		{AF967D87-C846-420C-A8CD-6EB7E62753A2}.Release|Any CPU.Build.0 = Release|Any CPU
		{664613C0-4469-4F29-B6B1-F7772D14B960}.Debug|Any CPU.ActiveCfg = Debug|Any CPU
		{664613C0-4469-4F29-B6B1-F7772D14B960}.Debug|Any CPU.Build.0 = Debug|Any CPU
		{664613C0-4469-4F29-B6B1-F7772D14B960}.Release|Any CPU.ActiveCfg = Release|Any CPU
		{664613C0-4469-4F29-B6B1-F7772D14B960}.Release|Any CPU.Build.0 = Release|Any CPU
		{0F9EB185-CE09-4C67-8E5E-D3C87CEB228F}.Debug|Any CPU.ActiveCfg = Debug|Any CPU
		{0F9EB185-CE09-4C67-8E5E-D3C87CEB228F}.Debug|Any CPU.Build.0 = Debug|Any CPU
		{0F9EB185-CE09-4C67-8E5E-D3C87CEB228F}.Release|Any CPU.ActiveCfg = Release|Any CPU
		{0F9EB185-CE09-4C67-8E5E-D3C87CEB228F}.Release|Any CPU.Build.0 = Release|Any CPU
		{DE49A505-133D-4E1A-9469-D6639D123FE2}.Debug|Any CPU.ActiveCfg = Debug|Any CPU
		{DE49A505-133D-4E1A-9469-D6639D123FE2}.Debug|Any CPU.Build.0 = Debug|Any CPU
		{DE49A505-133D-4E1A-9469-D6639D123FE2}.Release|Any CPU.ActiveCfg = Release|Any CPU
		{DE49A505-133D-4E1A-9469-D6639D123FE2}.Release|Any CPU.Build.0 = Release|Any CPU
	EndGlobalSection
	GlobalSection(SolutionProperties) = preSolution
		HideSolutionNode = FALSE
	EndGlobalSection
	GlobalSection(NestedProjects) = preSolution
		{755CDE7B-7033-4D20-B945-C23040CA17BF} = {A5B7EF20-38C1-440F-8B48-ACBA8E370F84}
		{A1B1576C-6A96-48AC-8E0B-718A4918341D} = {755CDE7B-7033-4D20-B945-C23040CA17BF}
		{5A3958EA-8354-426C-8572-522654D8B897} = {A5B7EF20-38C1-440F-8B48-ACBA8E370F84}
		{A5555606-380D-4D21-9AC0-B3011B222BBD} = {5A3958EA-8354-426C-8572-522654D8B897}
		{37808239-B87A-4D09-984F-295EF32698C0} = {A5B7EF20-38C1-440F-8B48-ACBA8E370F84}
		{9B273C66-034B-4C32-ADCF-224AEF732649} = {37808239-B87A-4D09-984F-295EF32698C0}
		{11A22425-E2E3-4C2B-98F1-686DC12CB80D} = {A5B7EF20-38C1-440F-8B48-ACBA8E370F84}
		{AF967D87-C846-420C-A8CD-6EB7E62753A2} = {11A22425-E2E3-4C2B-98F1-686DC12CB80D}
		{664613C0-4469-4F29-B6B1-F7772D14B960} = {11A22425-E2E3-4C2B-98F1-686DC12CB80D}
		{0F9EB185-CE09-4C67-8E5E-D3C87CEB228F} = {11A22425-E2E3-4C2B-98F1-686DC12CB80D}
		{DE49A505-133D-4E1A-9469-D6639D123FE2} = {11A22425-E2E3-4C2B-98F1-686DC12CB80D}
	EndGlobalSection
	GlobalSection(ExtensibilityGlobals) = postSolution
		SolutionGuid = {3CB013BC-4C46-4391-B1C0-24BDEA136BAB}
	EndGlobalSection
EndGlobal
